# This file was autogenerated by uv via the following command:
#    uv pip compile requirements-tools.in --generate-hashes --universal -o requirements-tools.lock
boolean-py==5.0 \
    --hash=sha256:60cbc4bad079753721d32649545505362c754e121570ada4658b852a3a318d95 \
    --hash=sha256:ef28a70bd43115208441b53a045d1549e2f0ec6e3d08a9d142cbc41c1938e8d9
    # via license-expression
build==1.6.0 \
    --hash=sha256:bd2c8afc603e7a2e0ce70e2ea85f0a6d02043bafbd307f5bada0f98669eca5af \
    --hash=sha256:f7aaf1ebbb79178a02ba248bb524f2176b256017e17e8e4bd4289c7b38cc2bad
    # via -r requirements-tools.in
cachecontrol==0.14.4 \
    --hash=sha256:b7ac014ff72ee199b5f8af1de29d60239954f223e948196fa3d84adaffc71d2b \
    --hash=sha256:e6220afafa4c22a47dd0badb319f84475d79108100d04e26e8542ef7d3ab05a1
    # via pip-audit
certifi==2026.4.22 \
    --hash=sha256:3cb2210c8f88ba2318d29b0388d1023c8492ff72ecdde4ebdaddbb13a31b1c4a \
    --hash=sha256:8d455352a37b71bf76a79caa83a3d6c25afee4a385d632127b6afb3963f1c580
    # via requests
charset-normalizer==3.4.7 \
    --hash=sha256:007d05ec7321d12a40227aae9e2bc6dca73f3cb21058999a1df9e193555a9dcc \
    --hash=sha256:03853ed82eeebbce3c2abfdbc98c96dc205f32a79627688ac9a27370ea61a49c \
    --hash=sha256:07d9e39b01743c3717745f4c530a6349eadbfa043c7577eef86c502c15df2c67 \
    --hash=sha256:08e721811161356f97b4059a9ba7bafb23ea5ee2255402c42881c214e173c6b4 \
    --hash=sha256:0c96c3b819b5c3e9e165495db84d41914d6894d55181d2d108cc1a69bfc9cce0 \
    --hash=sha256:0ea948db76d31190bf08bd371623927ee1339d5f2a0b4b1b4a4439a65298703c \
    --hash=sha256:0f7eb884681e3938906ed0434f20c63046eacd0111c4ba96f27b76084cd679f5 \
    --hash=sha256:12a6fff75f6bc66711b73a2f0addfc4c8c15a20e805146a02d147a318962c444 \
    --hash=sha256:12d8baf840cc7889b37c7c770f478adea7adce3dcb3944d02ec87508e2dcf153 \
    --hash=sha256:14265bfe1f09498b9d8ec91e9ec9fa52775edf90fcbde092b25f4a33d444fea9 \
    --hash=sha256:16d971e29578a5e97d7117866d15889a4a07befe0e87e703ed63cd90cb348c01 \
    --hash=sha256:177a0ba5f0211d488e295aaf82707237e331c24788d8d76c96c5a41594723217 \
    --hash=sha256:1a87ca9d5df6fe460483d9a5bbf2b18f620cbed41b432e2bddb686228282d10b \
    --hash=sha256:1c2a768fdd44ee4a9339a9b0b130049139b8ce3c01d2ce09f67f5a68048d477c \
    --hash=sha256:1c2aed2e5e41f24ea8ef1590b8e848a79b56f3a5564a65ceec43c9d692dc7d8a \
    --hash=sha256:1dc8b0ea451d6e69735094606991f32867807881400f808a106ee1d963c46a83 \
    --hash=sha256:1efde3cae86c8c273f1eb3b287be7d8499420cf2fe7585c41d370d3e790054a5 \
    --hash=sha256:202389074300232baeb53ae2569a60901f7efadd4245cf3a3bf0617d60b439d7 \
    --hash=sha256:203104ed3e428044fd943bc4bf45fa73c0730391f9621e37fe39ecf477b128cb \
    --hash=sha256:2257141f39fe65a3fdf38aeccae4b953e5f3b3324f4ff0daf9f15b8518666a2c \
    --hash=sha256:298930cec56029e05497a76988377cbd7457ba864beeea92ad7e844fe74cd1f1 \
    --hash=sha256:2cd4a60d0e2fb04537162c62bbbb4182f53541fe0ede35cdf270a1c1e723cc42 \
    --hash=sha256:2d6eb928e13016cea4f1f21d1e10c1cebd5a421bc57ddf5b1142ae3f86824fab \
    --hash=sha256:2fe249cb4651fd12605b7288b24751d8bfd46d35f12a20b1ba33dea122e690df \
    --hash=sha256:30b8d1d8c52a48c2c5690e152c169b673487a2a58de1ec7393196753063fcd5e \
    --hash=sha256:320ade88cfb846b8cd6b4ddf5ee9e80ee0c1f52401f2456b84ae1ae6a1a5f207 \
    --hash=sha256:3534e7dcbdcf757da6b85a0bbf5b6868786d5982dd959b065e65481644817a18 \
    --hash=sha256:36836d6ff945a00b88ba1e4572d721e60b5b8c98c155d465f56ad19d68f23734 \
    --hash=sha256:38c0109396c4cfc574d502df99742a45c72c08eff0a36158b6f04000043dbf38 \
    --hash=sha256:3946fa46a0cf3e4c8cb1cc52f56bb536310d34f25f01ca9b6c16afa767dab110 \
    --hash=sha256:3bec022aec2c514d9cf199522a802bd007cd588ab17ab2525f20f9c34d067c18 \
    --hash=sha256:3c9a494bc5ec77d43cea229c4f6db1e4d8fe7e1bbffa8b6f0f0032430ff8ab44 \
    --hash=sha256:3dce51d0f5e7951f8bb4900c257dad282f49190fdbebecd4ba99bcc41fef404d \
    --hash=sha256:3dedcc22d73ec993f42055eff4fcfed9318d1eeb9a6606c55892a26964964e48 \
    --hash=sha256:4042d5c8f957e15221d423ba781e85d553722fc4113f523f2feb7b188cc34c5e \
    --hash=sha256:481551899c856c704d58119b5025793fa6730adda3571971af568f66d2424bb5 \
    --hash=sha256:4dc1e73c36828f982bfe79fadf5919923f8a6f4df2860804db9a98c48824ce8d \
    --hash=sha256:4e5163c14bffd570ef2affbfdd77bba66383890797df43dc8b4cc7d6f500bf53 \
    --hash=sha256:511ef87c8aec0783e08ac18565a16d435372bc1ac25a91e6ac7f5ef2b0bff790 \
    --hash=sha256:532bc9bf33a68613fd7d65e4b1c71a6a38d7d42604ecf239c77392e9b4e8998c \
    --hash=sha256:54523e136b8948060c0fa0bc7b1b50c32c186f2fceee897a495406bb6e311d2b \
    --hash=sha256:5649fd1c7bade02f320a462fdefd0b4bd3ce036065836d4f42e0de958038e116 \
    --hash=sha256:56be790f86bfb2c98fb742ce566dfb4816e5a83384616ab59c49e0604d49c51d \
    --hash=sha256:5b77459df20e08151cd6f8b9ef8ef1f961ef73d85c21a555c7eed5b79410ec10 \
    --hash=sha256:5ed6ab538499c8644b8a3e18debabcd7ce684f3fa91cf867521a7a0279cab2d6 \
    --hash=sha256:6178f72c5508bfc5fd446a5905e698c6212932f25bcdd4b47a757a50605a90e2 \
    --hash=sha256:6370e8686f662e6a3941ee48ed4742317cafbe5707e36406e9df792cdb535776 \
    --hash=sha256:64f02c6841d7d83f832cd97ccf8eb8a906d06eb95d5276069175c696b024b60a \
    --hash=sha256:65bcd23054beab4d166035cabbc868a09c1a49d1efe458fe8e4361215df40265 \
    --hash=sha256:66671f93accb62ed07da56613636f3641f1a12c13046ce91ffc923721f23c008 \
    --hash=sha256:6696b7688f54f5af4462118f0bfa7c1621eeb87154f77fa04b9295ce7a8f2943 \
    --hash=sha256:6785f414ae0f3c733c437e0f3929197934f526d19dfaa75e18fdb4f94c6fb374 \
    --hash=sha256:67f6279d125ca0046a7fd386d01b311c6363844deac3e5b069b514ba3e63c246 \
    --hash=sha256:6c114670c45346afedc0d947faf3c7f701051d2518b943679c8ff88befe14f8e \
    --hash=sha256:6e0d51f618228538a3e8f46bd246f87a6cd030565e015803691603f55e12afb5 \
    --hash=sha256:6ed74185b2db44f41ef35fd1617c5888e59792da9bbc9190d6c7300617182616 \
    --hash=sha256:708838739abf24b2ceb208d0e22403dd018faeef86ddac04319a62ae884c4f15 \
    --hash=sha256:715479b9a2802ecac752a3b0efa2b0b60285cf962ee38414211abdfccc233b41 \
    --hash=sha256:733784b6d6def852c814bce5f318d25da2ee65dd4839a0718641c696e09a2960 \
    --hash=sha256:750e02e074872a3fad7f233b47734166440af3cdea0add3e95163110816d6752 \
    --hash=sha256:752a45dc4a6934060b3b0dab47e04edc3326575f82be64bc4fc293914566503e \
    --hash=sha256:7579e913a5339fb8fa133f6bbcfd8e6749696206cf05acdbdca71a1b436d8e72 \
    --hash=sha256:7641bb8895e77f921102f72833904dcd9901df5d6d72a2ab8f31d04b7e51e4e7 \
    --hash=sha256:7804338df6fcc08105c7745f1502ba68d900f45fd770d5bdd5288ddccb8a42d8 \
    --hash=sha256:80d04837f55fc81da168b98de4f4b797ef007fc8a79ab71c6ec9bc4dd662b15b \
    --hash=sha256:813c0e0132266c08eb87469a642cb30aaff57c5f426255419572aaeceeaa7bf4 \
    --hash=sha256:82b271f5137d07749f7bf32f70b17ab6eaabedd297e75dce75081a24f76eb545 \
    --hash=sha256:84c018e49c3bf790f9c2771c45e9313a08c2c2a6342b162cd650258b57817706 \
    --hash=sha256:8751d2787c9131302398b11e6c8068053dcb55d5a8964e114b6e196cf16cb366 \
    --hash=sha256:8778f0c7a52e56f75d12dae53ae320fae900a8b9b4164b981b9c5ce059cd1fcb \
    --hash=sha256:87fad7d9ba98c86bcb41b2dc8dbb326619be2562af1f8ff50776a39e55721c5a \
    --hash=sha256:8d828b6667a32a728a1ad1d93957cdf37489c57b97ae6c4de2860fa749b8fc1e \
    --hash=sha256:8e385e4267ab76874ae30db04c627faaaf0b509e1ccc11a95b3fc3e83f855c00 \
    --hash=sha256:92a0a01ead5e668468e952e4238cccd7c537364eb7d851ab144ab6627dbbe12f \
    --hash=sha256:94e1885b270625a9a828c9793b4d52a64445299baa1fea5a173bf1d3dd9a1a5a \
    --hash=sha256:a180c5e59792af262bf263b21a3c49353f25945d8d9f70628e73de370d55e1e1 \
    --hash=sha256:a277ab8928b9f299723bc1a2dabb1265911b1a76341f90a510368ca44ad9ab66 \
    --hash=sha256:a5fe03b42827c13cdccd08e6c0247b6a6d4b5e3cdc53fd1749f5896adcdc2356 \
    --hash=sha256:a6c5863edfbe888d9eff9c8b8087354e27618d9da76425c119293f11712a6319 \
    --hash=sha256:a89c23ef8d2c6b27fd200a42aa4ac72786e7c60d40efdc76e6011260b6e949c4 \
    --hash=sha256:adb2597b428735679446b46c8badf467b4ca5f5056aae4d51a19f9570301b1ad \
    --hash=sha256:ae196f021b5e7c78e918242d217db021ed2a6ace2bc6ae94c0fc596221c7f58d \
    --hash=sha256:ae89db9e5f98a11a4bf50407d4363e7b09b31e55bc117b4f7d80aab97ba009e5 \
    --hash=sha256:aed52fea0513bac0ccde438c188c8a471c4e0f457c2dd20cdbf6ea7a450046c7 \
    --hash=sha256:aef65cd602a6d0e0ff6f9930fcb1c8fec60dd2cfcb6facaf4bdb0e5873042db0 \
    --hash=sha256:af21eb4409a119e365397b2adbaca4c9ccab56543a65d5dbd9f920d6ac29f686 \
    --hash=sha256:b14b2d9dac08e28bb8046a1a0434b1750eb221c8f5b87a68f4fa11a6f97b5e34 \
    --hash=sha256:bb6d88045545b26da47aa879dd4a89a71d1dce0f0e549b1abcb31dfe4a8eac49 \
    --hash=sha256:bb8cc7534f51d9a017b93e3e85b260924f909601c3df002bcdb58ddb4dc41a5c \
    --hash=sha256:bc17a677b21b3502a21f66a8cc64f5bfad4df8a0b8434d661666f8ce90ac3af1 \
    --hash=sha256:bd6c2a1c7573c64738d716488d2cdd3c00e340e4835707d8fdb8dc1a66ef164e \
    --hash=sha256:bd9b23791fe793e4968dba0c447e12f78e425c59fc0e3b97f6450f4781f3ee60 \
    --hash=sha256:c03a41a8784091e67a39648f70c5f97b5b6a37f216896d44d2cdcb82615339a0 \
    --hash=sha256:c0f081d69a6e58272819b70288d3221a6ee64b98df852631c80f293514d3b274 \
    --hash=sha256:c35abb8bfff0185efac5878da64c45dafd2b37fb0383add1be155a763c1f083d \
    --hash=sha256:c36c333c39be2dbca264d7803333c896ab8fa7d4d6f0ab7edb7dfd7aea6e98c0 \
    --hash=sha256:c45e9440fb78f8ddabcf714b68f936737a121355bf59f3907f4e17721b9d1aae \
    --hash=sha256:c593052c465475e64bbfe5dbd81680f64a67fdc752c56d7a0ae205dc8aeefe0f \
    --hash=sha256:cdd68a1fb318e290a2077696b7eb7a21a49163c455979c639bf5a5dcdc46617d \
    --hash=sha256:ce3412fbe1e31eb81ea42f4169ed94861c56e643189e1e75f0041f3fe7020abe \
    --hash=sha256:cf1493cd8607bec4d8a7b9b004e699fcf8f9103a9284cc94962cb73d20f9d4a3 \
    --hash=sha256:cf29836da5119f3c8a8a70667b0ef5fdca3bb12f80fd06487cfa575b3909b393 \
    --hash=sha256:d4a48e5b3c2a489fae013b7589308a40146ee081f6f509e047e0e096084ceca1 \
    --hash=sha256:d560742f3c0d62afaccf9f41fe485ed69bd7661a241f86a3ef0f0fb8b1a397af \
    --hash=sha256:d6038d37043bced98a66e68d3aa2b6a35505dc01328cd65217cefe82f25def44 \
    --hash=sha256:d61f00a0869d77422d9b2aba989e2d24afa6ffd552af442e0e58de4f35ea6d00 \
    --hash=sha256:d635aab80466bc95771bb78d5370e74d36d1fe31467b6b29b8b57b2a3cd7d22c \
    --hash=sha256:dca4bbc466a95ba9c0234ef56d7dd9509f63da22274589ebd4ed7f1f4d4c54e3 \
    --hash=sha256:dd915403e231e6b1809fe9b6d9fc55cf8fb5e02765ac625d9cd623342a7905d7 \
    --hash=sha256:e044c39e41b92c845bc815e5ae4230804e8e7bc29e399b0437d64222d92809dd \
    --hash=sha256:e060d01aec0a910bdccb8be71faf34e7799ce36950f8294c8bf612cba65a2c9e \
    --hash=sha256:e1421b502d83040e6d7fb2fb18dff63957f720da3d77b2fbd3187ceb63755d7b \
    --hash=sha256:e17b8d5d6a8c47c85e68ca8379def1303fd360c3e22093a807cd34a71cd082b8 \
    --hash=sha256:e5f4d355f0a2b1a31bc3edec6795b46324349c9cb25eed068049e4f472fb4259 \
    --hash=sha256:e712b419df8ba5e42b226c510472b37bd57b38e897d3eca5e8cfd410a29fa859 \
    --hash=sha256:e74327fb75de8986940def6e8dee4f127cc9752bee7355bb323cc5b2659b6d46 \
    --hash=sha256:e80c8378d8f3d83cd3164da1ad2df9e37a666cdde7b1cb2298ed0b558064be30 \
    --hash=sha256:e8ac484bf18ce6975760921bb6148041faa8fef0547200386ea0b52b5d27bf7b \
    --hash=sha256:eca9705049ad3c7345d574e3510665cb2cf844c2f2dcfe675332677f081cbd46 \
    --hash=sha256:ed065083d0898c9d5b4bbec7b026fd755ff7454e6e8b73a67f8c744b13986e24 \
    --hash=sha256:edac0f1ab77644605be2cbba52e6b7f630731fc42b34cb0f634be1a6eface56a \
    --hash=sha256:effc3f449787117233702311a1b7d8f59cba9ced946ba727bdc329ec69028e24 \
    --hash=sha256:f22dec1690b584cea26fade98b2435c132c1b5f68e39f5a0b7627cd7ae31f1dc \
    --hash=sha256:f495a1652cf3fbab2eb0639776dad966c2fb874d79d87ca07f9d5f059b8bd215 \
    --hash=sha256:f496c9c3cc02230093d8330875c4c3cdfc3b73612a5fd921c65d39cbcef08063 \
    --hash=sha256:f59099f9b66f0d7145115e6f80dd8b1d847176df89b234a5a6b3f00437aa0832 \
    --hash=sha256:f59ad4c0e8f6bba240a9bb85504faa1ab438237199d4cce5f622761507b8f6a6 \
    --hash=sha256:fbccdc05410c9ee21bbf16a35f4c1d16123dcdeb8a1d38f33654fa21d0234f79 \
    --hash=sha256:fea24543955a6a729c45a73fe90e08c743f0b3334bbf3201e6c4bc1b0c7fa464
    # via requests
colorama==0.4.6 ; os_name == 'nt' \
    --hash=sha256:08695f5cb7ed6e0531a20572697297273c47b8cae5a63ffc6d6ed5c201be6e44 \
    --hash=sha256:4f1d9991f5acc0ca119f9d443620b77f9d6b33703e51011c16baf57afb285fc6
    # via build
cyclonedx-python-lib==11.7.0 \
    --hash=sha256:02fa4f15ddbba21ac9093039f8137c0d1813af7fe88b760c5dcd3311a8da2178 \
    --hash=sha256:fb1bc3dedfa31208444dbd743007f478ab6984010a184e5bd466bffd969e936e
    # via pip-audit
defusedxml==0.7.1 \
    --hash=sha256:1bb3032db185915b62d7c6209c5a8792be6a32ab2fedacc84e01b52c51aa3e69 \
    --hash=sha256:a352e7e428770286cc899e2542b6cdaedb2b4953ff269a210103ec58f6198a61
    # via py-serializable
filelock==3.29.0 \
    --hash=sha256:69974355e960702e789734cb4871f884ea6fe50bd8404051a3530bc07809cf90 \
    --hash=sha256:96f5f6344709aa1572bbf631c640e4ebeeb519e08da902c39a001882f30ac258
    # via cachecontrol
idna==3.18 \
    --hash=sha256:7f952cbe720b688055e3f87de14f5c3e5fdaa8bc3928985c4077ca689de849a2 \
    --hash=sha256:ffb385a7e039654cef1ab9ef32c6fafe283c0c0467bba1d9029738ce4a14a848
    # via requests
license-expression==30.4.4 \
    --hash=sha256:421788fdcadb41f049d2dc934ce666626265aeccefddd25e162a26f23bcbf8a4 \
    --hash=sha256:73448f0aacd8d0808895bdc4b2c8e01a8d67646e4188f887375398c761f340fd
    # via cyclonedx-python-lib
markdown-it-py==4.0.0 \
    --hash=sha256:87327c59b172c5011896038353a81343b6754500a08cd7a4973bb48c6d578147 \
    --hash=sha256:cb0a2b4aa34f932c007117b194e945bd74e0ec24133ceb5bac59009cda1cb9f3
    # via rich
mdurl==0.1.2 \
    --hash=sha256:84008a41e51615a49fc9966191ff91509e3c40b939176e643fd50a5c2196b8f8 \
    --hash=sha256:bb413d29f5eea38f31dd4754dd7377d4465116fb207585f97bf925588687c1ba
    # via markdown-it-py
msgpack==1.2.3 \
    --hash=sha256:07c9733089d1b176c3dd2f7fa268452f9d5d784d076473499d754a58e8d1fbbb \
    --hash=sha256:0955b9000725573d1457c1676944b370dd9643c8d18f25bda5ac72913f850949 \
    --hash=sha256:0c91762c48cd686dc9cf2b142c0bc544083952de32f5853d6624c956e54b85e5 \
    --hash=sha256:0ed5823c4efc20fe87d3530665f40ec18a002be003114814c21235cc8d256207 \
    --hash=sha256:13221a6c81ebb8e43ea63a7251c35d54e4175cea37ebf3a62e911bdf42562a3c \
    --hash=sha256:186e6c602b8a9968b8e864c67d622a69279f7d1e55ae25f40e3bff7e815b2b62 \
    --hash=sha256:18a6ed513023001b28dcd3ba54966f6bb90a38274ba8d2640464bcab3a1b81d4 \
    --hash=sha256:1d6bcec3dbbdb89ca385d3a73e63ceae7b841fa0d7ca7c676f1a7bfe7fb2cdb8 \
    --hash=sha256:1f4ae8bd4ad9ba085fde95e95d055a896d19210238a4199a771a3cf36dceed49 \
    --hash=sha256:1f585407f740a9eac04a3bb82c61d68a0ea78f90e29e670bfb086b9ce3a518dd \
    --hash=sha256:21bfa4d2aa0b04c1806ef778a1199e9e53ea2441bcbf284420a32083896320b8 \
    --hash=sha256:2487453ca1b6104442c6442f9a1a8fee1fe8f428a70d99d4cba799108b304150 \
    --hash=sha256:2574ef81c1c8c38b10e330f3f9406fd09198a776b002030fafcf8e7647e9e06e \
    --hash=sha256:30e1522e4173230dca4d9ad896f038f73c0da6c1edd42f4dbad88ac583cf5d46 \
    --hash=sha256:32edb81a2b5eb7cd7c9d941b2bfbbb082fd2cd09e0e725930316af6b708db186 \
    --hash=sha256:3372475211a9ce1a23acefe512cb3e121d18c95dc74ed56cb1819ef40836ebf4 \
    --hash=sha256:382b219de3d436de3baba0f4b0c6d4336e8f5858d0eb047918b13b69a71c6c55 \
    --hash=sha256:382bc88fe90f29f5ac8a0b65c7046ff255356f2f2f3186c30e370215736fa1dc \
    --hash=sha256:39b6986c19e1f2dfa549d185dba6ccf1de2e4c0ba10d8cfc0048935b1c5f9109 \
    --hash=sha256:3a31905206722103a84c1f72633fe30692cff6732c9d262e09a27dbc468797c8 \
    --hash=sha256:3d4c807ed050fe3ddbea5ba7e9f63d7136871ce42861be1f50ff739f0e91047a \
    --hash=sha256:3ec409b0d6aa8e9eec6eaf881b893caa215dbe68c5319ca96e8a271d81bb111d \
    --hash=sha256:471e12a6a42498a31490c206e0069e343b6a7c35db540be73a879eb06f5be047 \
    --hash=sha256:4c0780095871ecc49a58b2ff6b1b43b25214704da67646557ca287a3f49fb2dd \
    --hash=sha256:59612b4ed48a04cf024584218e813562f3b30a3bafa5f55abe300b15da314751 \
    --hash=sha256:5bd5f91ea75c45cafcc5433ba8fae59b708b736ec178d2441c40c499e9e079db \
    --hash=sha256:5bf390259cb25a6a1cd197c65810999b811f64cd38683251538bcc5a1e41f7d3 \
    --hash=sha256:5c1efdd9181cb1b719ee46865f368a927f1c0c65d577798340b1194545b7515a \
    --hash=sha256:5e0d7950ca3c1bbae291d0552dd3bb2792fc680629c4c0d44e47e5bab969f3ca \
    --hash=sha256:5f304123b90e8b2e49867981b7f6061612c39f50cca51ee88de007c084cf68d3 \
    --hash=sha256:62cc1a4ef0e553bac32c8342e1f04834aca7de276b92744eb7307db77759b890 \
    --hash=sha256:63bb7448a1e9111319ae2430c09a5596140c160422830d6271bc75730ff2ff9a \
    --hash=sha256:6576f348ed6cc4f31db6fd915a8e94245f042f50eae08d48732425e70638ea37 \
    --hash=sha256:666ef5601ab0e6e345e47febc96aa81143cc932201543480cbb9499164f05ffb \
    --hash=sha256:6707d2fa2aa1bb5424ea0b05f44ffc989b15ab41a73ff5855bff4944fec7c8ac \
    --hash=sha256:69ad12cedb674c73527bed869cddb42b742cac79a207a614202a4abaa24ea173 \
    --hash=sha256:6a834097144aabe948b8ca9020a833e8026f7d0abbd0ec54bc7e50f45a8ce012 \
    --hash=sha256:6df430419f2338cb71e4a34d6e64f83c88ccd321f91f40ba4513400b36d864ec \
    --hash=sha256:700bc0fc9e968a292b9137ee70e7a012f7e115bf0107ce45e3a88202788dfc1e \
    --hash=sha256:7013534a7163aa4f213c4d9864f1a8a7555daac6fcd48f699a198e29b436bfab \
    --hash=sha256:7995a7c6a62a1d6e7df211b4a16de513bd99fd053525050a319f80f44fb8015e \
    --hash=sha256:79dfa38faf92f804aa61beec140d70b18418e1dde1778dbb77a87a4cce85aa8a \
    --hash=sha256:7a003b02c6ee2eea6dfe0bb08818631e3597e69f0131f2a8250488a1cc553290 \
    --hash=sha256:7c047250096f9fc19dba26e3d1639b5e7a84114003605c94def667149a70ced1 \
    --hash=sha256:84a6616d396ec1bc18a1e83e67c96a393ec35dfe5e17434a5be7b9aa0fe988ab \
    --hash=sha256:87cf2ef05ff2f2493ba29fcdaef27e960ca64dacfd13460ae29e6f92e0ed05bb \
    --hash=sha256:89c930aece4e972b208ba589c8410b4167b05e411a5ea2cb25fd96f8bc47ee43 \
    --hash=sha256:8ca67f77938ea6a3663aa9bd22b3e031f6da84d665be850abab910ee90728dfd \
    --hash=sha256:8e51eca14fbb65c4e0a5a9657346962bd3dca78c08e04e3d4dee70ef48687d30 \
    --hash=sha256:8ec7a1d49ca6c2569d722ab5ec86e90089b0713900aa31905b47b4c4d9e78ce0 \
    --hash=sha256:902f3490db0e07a7d40b48536a85c9b28fbf1397e7e1658a45a55f958e303620 \
    --hash=sha256:905a189853d6bdb204c7ae5f4ab77fb857448abfff574d3d93c62e2815b24b4f \
    --hash=sha256:9276ba88891338f2617044429dfd080ae008c9868a25f6f1a7d004a35dc9ac0a \
    --hash=sha256:9324c54995641c3d1f92a9d55093c8cde0ffa2fbc87a467a688ef60428393220 \
    --hash=sha256:968583e956d0427878050b371308c5f8647088732ef3e66a117dbe1192ec91e0 \
    --hash=sha256:9d7e9cbb0998bbfd363fd9a09c330520d5e9cb323c05b5a1a05865d23ccf2226 \
    --hash=sha256:a393e428f6ffb0dcb73308c1fff5593041c16ff42da66e5bac8a83a6107a54b0 \
    --hash=sha256:a6b63917d60d6df451f328bd6afba8565e33c4afe1f62ec4ad758b78731c827b \
    --hash=sha256:b1631e12fe572e181cd77e831f69335d6cd5278eac22e3db3f33cf264ac2ac18 \
    --hash=sha256:b774ff994d844e541439ac5d2d49a14def4104830c3465e9394c153f86200ffb \
    --hash=sha256:b949cc25e4a09252cbcc54e66e507de914d0e94a3a7039bd54c299bf7037c098 \
    --hash=sha256:bb89b5dc30469c84bbf8684826eb851d82412ca95690e111b9ac5e8fb343961a \
    --hash=sha256:bfe7d5b62cbe7aa664f0b3e2c49077f10fcdd06183d3014f8271ff3c5edbfbf9 \
    --hash=sha256:c309a7abae1d14ba29a8bd0ddbd704a5e469d8e9bd9c3dee0e4ff53d7ae01d56 \
    --hash=sha256:c77e27790ad72989db783d5303825fba0b71550f00a490efba35cde7dc4b719f \
    --hash=sha256:c942c21a93f36b3a69e828c8945bb72c94dc2ffe488a2086950c812f3edf046c \
    --hash=sha256:ccea05b5542f6d283fef3f0a8e93a7f0be90af0ddeeef84c25c0216ba76dcae1 \
    --hash=sha256:cd5a9f9f86a52c24713679aa2631956835f3842512964ff93f736ff76f1f530d \
    --hash=sha256:d0238cd05dec9ffbe0de1071df685ba63e30a36ac155285b1a094e727c38cbe9 \
    --hash=sha256:d1c1e8989a855b7f1f2a64ec4a80b23a631822903952770813857b2e4f460471 \
    --hash=sha256:d2f9c4f85e47a44d26d5baf3b041eef23436e224d44eed273f01bd8a12048d9f \
    --hash=sha256:d31864ba3933a589b6a00249f89c0eb422197f49128fc10da550e57e9cb0f377 \
    --hash=sha256:d8ef3a66e4b52d2d7fdd90df2984670124b2ff7546d76bb25dcf68ef47f7df58 \
    --hash=sha256:db84203b13aecc222f465061397fdd5b53b7ae73d2c95ffc1c8dc5be0153a709 \
    --hash=sha256:db9fb67a3a2e75247bae569d34ebb5ff61c0448a4f0d6dbf991dae68af39b007 \
    --hash=sha256:e0bd394e999949c814f7912284243298de1b5a17b6a3dcb6cc8a79b156ffc4fa \
    --hash=sha256:e15f70588f4db8cd10df0930145b186de70feb9db51710cd378b1399009655bd \
    --hash=sha256:e54394b7dbe2e12ab032d9d21feef7bb61a90a150a2623633ba3781ba69dcb1f \
    --hash=sha256:eaf7e82249837e3aa97297b34a0bb9ff562027381631e057cea6e1367f10b438 \
    --hash=sha256:ec0030361cc861ac699b2ef1c695b741fa145c88f8667fa3d7e3f73deeb648a3 \
    --hash=sha256:ec90a9ae3e1169fa1171147340f0e97d941aa19fcd3b34e8339a55933ed042af \
    --hash=sha256:ed899d73a22f286a72bd9528d63f2ab3030dbad8bf1527fc249319a50d61fb9d \
    --hash=sha256:ede33b2892ceb976283e009ad12fa1834cfdf1f9c43ee9c97849fc588d00a618 \
    --hash=sha256:f24a43b3560e20f825b807fe1e874bd73d53abaf8bbdcf258a6eb152cddbc1f5 \
    --hash=sha256:f3d7b3d0018746b5997dd6b14a1870b07cc4c327d9101145d94a1fc264a51a06 \
    --hash=sha256:f41ca154b7737b11893cdce3c78c61d703398a1cd54d4297bdad908392338a8e \
    --hash=sha256:f42f146752eedb6765f07dcc04d72dab0a25779ec8d4a88c0085263ce114f22c \
    --hash=sha256:f56fba61b2516be7917cb00151f0d060b5b21184e3499bb57f0f7d9259bea124 \
    --hash=sha256:f9ddd28d3e9bbc602a9dced1591882c7fb9ab776eef8837da2c326fde19e2853 \
    --hash=sha256:fafc3b8898b432b841d30a61082c599fa7f4d06885f9dc58ad72259e12059fa6 \
    --hash=sha256:fcc6800daac4922960f6eeb7a0dda3dd4105e0bf7bce0e83ebc465a78cb7bdba
    # via cachecontrol
packageurl-python==0.17.6 \
    --hash=sha256:1252ce3a102372ca6f86eb968e16f9014c4ba511c5c37d95a7f023e2ca6e5c25 \
    --hash=sha256:31a85c2717bc41dd818f3c62908685ff9eebcb68588213745b14a6ee9e7df7c9
    # via cyclonedx-python-lib
packaging==26.2 \
    --hash=sha256:5fc45236b9446107ff2415ce77c807cee2862cb6fac22b8a73826d0693b0980e \
    --hash=sha256:ff452ff5a3e828ce110190feff1178bb1f2ea2281fa2075aadb987c2fb221661
    # via
    #   build
    #   pip-audit
    #   pip-requirements-parser
pip==26.2.1 \
    --hash=sha256:71138adf1f4ca900cdb7d289c21b7494329f2332b6d85f0e1c42108c0384ed3e \
    --hash=sha256:f6ad667e89a1fe78046c8f13232b247200f5258d7828f3f7883d660878e0813f
    # via pip-api
pip-api==0.0.34 \
    --hash=sha256:8b2d7d7c37f2447373aa2cf8b1f60a2f2b27a84e1e9e0294a3f6ef10eb3ba6bb \
    --hash=sha256:9b75e958f14c5a2614bae415f2adf7eeb54d50a2cfbe7e24fd4826471bac3625
    # via pip-audit
pip-audit==2.10.1 \
    --hash=sha256:1eb4565d19ebe5d48996f4b770b4d2b32887e12cb12cfa637f1a064011b55ffc \
    --hash=sha256:99ef3f600a317c1945f1e89e227ef26e1c2d618429b8bd3fa6f4f7c440c4611a
    # via -r requirements-tools.in
pip-requirements-parser==32.0.1 \
    --hash=sha256:4659bc2a667783e7a15d190f6fccf8b2486685b6dba4c19c3876314769c57526 \
    --hash=sha256:b4fa3a7a0be38243123cf9d1f3518da10c51bdb165a2b2985566247f9155a7d3
    # via pip-audit
platformdirs==4.9.6 \
    --hash=sha256:3bfa75b0ad0db84096ae777218481852c0ebc6c727b3168c1b9e0118e458cf0a \
    --hash=sha256:e61adb1d5e5cb3441b4b7710bea7e4c12250ca49439228cc1021c00dcfac0917
    # via pip-audit
py-serializable==2.1.0 \
    --hash=sha256:9d5db56154a867a9b897c0163b33a793c804c80cee984116d02d49e4578fc103 \
    --hash=sha256:b56d5d686b5a03ba4f4db5e769dc32336e142fc3bd4d68a8c25579ebb0a67304
    # via cyclonedx-python-lib
pygments==2.20.0 \
    --hash=sha256:6757cd03768053ff99f3039c1a36d6c0aa0b263438fcab17520b30a303a82b5f \
    --hash=sha256:81a9e26dd42fd28a23a2d169d86d7ac03b46e2f8b59ed4698fb4785f946d0176
    # via rich
pyparsing==3.3.2 \
    --hash=sha256:850ba148bd908d7e2411587e247a1e4f0327839c40e2e5e6d05a007ecc69911d \
    --hash=sha256:c777f4d763f140633dcb6d8a3eda953bf7a214dc4eff598413c070bcdc117cbc
    # via pip-requirements-parser
pyproject-hooks==1.2.0 \
    --hash=sha256:1e859bd5c40fae9448642dd871adf459e5e2084186e8d2c2a79a824c970da1f8 \
    --hash=sha256:9e5c6bfa8dcc30091c74b0cf803c81fdd29d94f01992a7707bc97babb1141913
    # via build
requests==2.33.1 \
    --hash=sha256:18817f8c57c6263968bc123d237e3b8b08ac046f5456bd1e307ee8f4250d3517 \
    --hash=sha256:4e6d1ef462f3626a1f0a0a9c42dd93c63bad33f9f1c1937509b8c5c8718ab56a
    # via
    #   cachecontrol
    #   pip-audit
rich==15.0.0 \
    --hash=sha256:33bd4ef74232fb73fe9279a257718407f169c09b78a87ad3d296f548e27de0bb \
    --hash=sha256:edd07a4824c6b40189fb7ac9bc4c52536e9780fbbfbddf6f1e2502c31b068c36
    # via pip-audit
sortedcontainers==2.4.0 \
    --hash=sha256:25caa5a06cc30b6b83d11423433f65d1f9d76c4c6a0c90e3379eaa43b9bfdb88 \
    --hash=sha256:a163dcaede0f1c021485e957a39245190e74249897e2ae4b2aa38595db237ee0
    # via cyclonedx-python-lib
tomli==2.4.1 \
    --hash=sha256:01f520d4f53ef97964a240a035ec2a869fe1a37dde002b57ebc4417a27ccd853 \
    --hash=sha256:0d85819802132122da43cb86656f8d1f8c6587d54ae7dcaf30e90533028b49fe \
    --hash=sha256:136443dbd7e1dee43c68ac2694fde36b2849865fa258d39bf822c10e8068eac5 \
    --hash=sha256:1d8591993e228b0c930c4bb0db464bdad97b3289fb981255d6c9a41aedc84b2d \
    --hash=sha256:2190f2e9dd7508d2a90ded5ed369255980a1bcdd58e52f7fe24b8162bf9fedbd \
    --hash=sha256:2c1c351919aca02858f740c6d33adea0c5deea37f9ecca1cc1ef9e884a619d26 \
    --hash=sha256:36d2bd2ad5fb9eaddba5226aa02c8ec3fa4f192631e347b3ed28186d43be6b54 \
    --hash=sha256:3d48a93ee1c9b79c04bb38772ee1b64dcf18ff43085896ea460ca8dec96f35f6 \
    --hash=sha256:47149d5bd38761ac8be13a84864bf0b7b70bc051806bc3669ab1cbc56216b23c \
    --hash=sha256:4ab97e64ccda8756376892c53a72bd1f964e519c77236368527f758fbc36a53a \
    --hash=sha256:4b605484e43cdc43f0954ddae319fb75f04cc10dd80d830540060ee7cd0243cd \
    --hash=sha256:504aa796fe0569bb43171066009ead363de03675276d2d121ac1a4572397870f \
    --hash=sha256:51529d40e3ca50046d7606fa99ce3956a617f9b36380da3b7f0dd3dd28e68cb5 \
    --hash=sha256:52c8ef851d9a240f11a88c003eacb03c31fc1c9c4ec64a99a0f922b93874fda9 \
    --hash=sha256:559db847dc486944896521f68d8190be1c9e719fced785720d2216fe7022b662 \
    --hash=sha256:5a881ab208c0baf688221f8cecc5401bd291d67e38a1ac884d6736cbcd8247e9 \
    --hash=sha256:5cb41aa38891e073ee49d55fbc7839cfdb2bc0e600add13874d048c94aadddd1 \
    --hash=sha256:5e262d41726bc187e69af7825504c933b6794dc3fbd5945e41a79bb14c31f585 \
    --hash=sha256:5ee18d9ebdb417e384b58fe414e8d6af9f4e7a0ae761519fb50f721de398dd4e \
    --hash=sha256:7008df2e7655c495dd12d2a4ad038ff878d4ca4b81fccaf82b714e07eae4402c \
    --hash=sha256:734e20b57ba95624ecf1841e72b53f6e186355e216e5412de414e3c51e5e3c41 \
    --hash=sha256:7c7e1a961a0b2f2472c1ac5b69affa0ae1132c39adcb67aba98568702b9cc23f \
    --hash=sha256:7f86fd587c4ed9dd76f318225e7d9b29cfc5a9d43de44e5754db8d1128487085 \
    --hash=sha256:7f94b27a62cfad8496c8d2513e1a222dd446f095fca8987fceef261225538a15 \
    --hash=sha256:88dceee75c2c63af144e456745e10101eb67361050196b0b6af5d717254dddf7 \
    --hash=sha256:8a650c2dbafa08d42e51ba0b62740dae4ecb9338eefa093aa5c78ceb546fcd5c \
    --hash=sha256:8d65a2fbf9d2f8352685bc1364177ee3923d6baf5e7f43ea4959d7d8bc326a36 \
    --hash=sha256:96481a5786729fd470164b47cdb3e0e58062a496f455ee41b4403be77cb5a076 \
    --hash=sha256:a120733b01c45e9a0c34aeef92bf0cf1d56cfe81ed9d47d562f9ed591a9828ac \
    --hash=sha256:b1d22e6e9387bf4739fbe23bfa80e93f6b0373a7f1b96c6227c32bef95a4d7a8 \
    --hash=sha256:b8c198f8c1805dc42708689ed6864951fd2494f924149d3e4bce7710f8eb5232 \
    --hash=sha256:c2541745709bad0264b7d4705ad453b76ccd191e64aa6f0fc66b69a293a45ece \
    --hash=sha256:c742f741d58a28940ce01d58f0ab2ea3ced8b12402f162f4d534dfe18ba1cd6a \
    --hash=sha256:c7f2c7f2b9ca6bdeef8f0fa897f8e05085923eb091721675170254cbc5b02897 \
    --hash=sha256:d312ef37c91508b0ab2cee7da26ec0b3ed2f03ce12bd87a588d771ae15dcf82d \
    --hash=sha256:d4d8fe59808a54658fcc0160ecfb1b30f9089906c50b23bcb4c69eddc19ec2b4 \
    --hash=sha256:da25dc3563bff5965356133435b757a795a17b17d01dbc0f42fb32447ddfd917 \
    --hash=sha256:eab21f45c7f66c13f2a9e0e1535309cee140182a9cdae1e041d02e47291e8396 \
    --hash=sha256:eb0dc4e38e6a1fd579e5d50369aa2e10acfc9cace504579b2faabb478e76941a \
    --hash=sha256:ec9bfaf3ad2df51ace80688143a6a4ebc09a248f6ff781a9945e51937008fcbc \
    --hash=sha256:ede3e6487c5ef5d28634ba3f31f989030ad6af71edfb0055cbbd14189ff240ba \
    --hash=sha256:f3c6818a1a86dd6dca7ddcaaf76947d5ba31aecc28cb1b67009a5877c9a64f3f \
    --hash=sha256:f758f1b9299d059cc3f6546ae2af89670cb1c4d48ea29c3cacc4fe7de3058257 \
    --hash=sha256:f8f0fc26ec2cc2b965b7a3b87cd19c5c6b8c5e5f436b984e85f486d652285c30 \
    --hash=sha256:fd0409a3653af6c147209d267a0e4243f0ae46b011aa978b1080359fddc9b6cf \
    --hash=sha256:ff18e6a727ee0ab0388507b89d1bc6a22b138d1e2fa56d1ad494586d61d2eae9 \
    --hash=sha256:ff2983983d34813c1aeb0fa89091e76c3a22889ee83ab27c5eeb45100560c049
    # via pip-audit
tomli-w==1.2.0 \
    --hash=sha256:188306098d013b691fcadc011abd66727d3c414c571bb01b1a174ba8c983cf90 \
    --hash=sha256:2dd14fac5a47c27be9cd4c976af5a12d87fb1f0b4512f81d69cce3b35ae25021
    # via pip-audit
urllib3==2.8.0 \
    --hash=sha256:0cf3cae568d36aa9576b28dfb35f11328f1cb974ca7647d9475ebb86c75ac6e3 \
    --hash=sha256:63bf2ead4c879426ebf22ef2a781eeb4aa3b4ae798a0435506f8687fd5bb9b63
    # via requests
uv==0.12.10 \
    --hash=sha256:0334577671a65b621faddfdf5f9e9dd4eb08eaa7231c4405c4a7f4f17d224d9f \
    --hash=sha256:0ac914e9750bb1de2518d444cc1cff084f4eff3eefe9cdd5814b775443a16df1 \
    --hash=sha256:27e8350faffb35d8ecaa5ed39236709809bb9a883f1d11d13c0964d6051b2384 \
    --hash=sha256:2ad71395c31b5db20c56327f62ee0299f75833308d4413284aba87324d092afa \
    --hash=sha256:46ca83d33bf87a67d0c5aa5b64f5576fc5c8e700a0ecf4900d409f8a1a1c9810 \
    --hash=sha256:4f097c6b7f63eceb3faf5102009f9a8cc22fd7d8a341858d2fd540f46a592f7a \
    --hash=sha256:5c0bcf0598742eb417f1aa41ec82f0d89bd7b7f42d0a519bea495a9419d8d8ee \
    --hash=sha256:5dc26c73826d2119292d49d71c5a9d5ba9dd97dd02459d816b8226f47f3dc6bd \
    --hash=sha256:7e3a70d9dff95481afccd7d41e7ec42fdc230d53487b3e7e633f9b35610401b5 \
    --hash=sha256:a34e1be296e6e30fdbfee9b84a45d082ce7df4dd4e588ebcfc44249505c10f02 \
    --hash=sha256:b610e8cf7c6d51dc119d352e699b674534d0de327b4d2a67eb5d71ec364b8970 \
    --hash=sha256:bd0afae6918795c6a61a649e64d735e339f3d62f8310235da6f19eb3f66f323b \
    --hash=sha256:c1fd0fcabc18dccaf541ca44a061c245045c937bec75c0491e94d59cd33ca97f \
    --hash=sha256:c49cd1f6e5ded1bd844119da8b184d5c044ae51441c476af2382fdb8af99edb8 \
    --hash=sha256:de4b06934bd025ceeeb48af5c6f9a82407a2fe2b5b35e456cfb3198ef5029de0 \
    --hash=sha256:efbbc586d40014b9dd3bc37a2ad5803d12919458f0f9d16f122db5d91626f5ab \
    --hash=sha256:f43c06b19137bb05877b0ec59c4932878db5d1aeb6f7b5c33259c22e0359c4fe \
    --hash=sha256:f7d6248ad9f2d282fea795f248da8fa666ab382df50d8385bd98e01049440a0c \
    --hash=sha256:f7f2bc56fbd367b1066e8461a82e51e8886bbab52b1f8d1793af8ce52232348c
    # via -r requirements-tools.in
